
Microsoft Visual Studio Solution File, Format Version 12.00
# Visual Studio 15
VisualStudioVersion = 15.0.28307.271
MinimumVisualStudioVersion = 10.0.40219.1
Project("{9A19103F-16F7-4668-BE54-9A1E7A4F7556}") = "Decorator.IO", "Decorator.IO\Decorator.IO.csproj", "{B3F8850F-D8DF-4018-8FDA-2C19BE384F8D}"
EndProject
Project("{FAE04EC0-301F-11D3-BF4B-00C04F79EFBC}") = "Decorator.IO.Core", "Decorator.IO.Core\Decorator.IO.Core.csproj", "{43D033E2-58BE-4C70-AA36-4CEE20030F09}"
EndProject
Project("{FAE04EC0-301F-11D3-BF4B-00C04F79EFBC}") = "Decorator.IO.Tests", "Decorator.IO.Tests\Decorator.IO.Tests.csproj", "{F4ED467B-78D9-4DE7-B9C5-ACEAC009EF49}"
EndProject
Project("{FAE04EC0-301F-11D3-BF4B-00C04F79EFBC}") = "Decorator.IO.Parser", "Decorator.IO.Parser\Decorator.IO.Parser.csproj", "{13AE8224-7026-4405-947A-7FE8D3030224}"
EndProject
Project("{FAE04EC0-301F-11D3-BF4B-00C04F79EFBC}") = "Decorator.IO.Providers.CSharp", "Decorator.IO.Providers.CSharp\Decorator.IO.Providers.CSharp.csproj", "{7554E692-EF30-4951-A75B-273B8369A156}"
EndProject
Global
	GlobalSection(SolutionConfigurationPlatforms) = preSolution
		Debug|Any CPU = Debug|Any CPU
		Release|Any CPU = Release|Any CPU
	EndGlobalSection
	GlobalSection(ProjectConfigurationPlatforms) = postSolution
		{B3F8850F-D8DF-4018-8FDA-2C19BE384F8D}.Debug|Any CPU.ActiveCfg = Debug|Any CPU
		{B3F8850F-D8DF-4018-8FDA-2C19BE384F8D}.Debug|Any CPU.Build.0 = Debug|Any CPU
		{B3F8850F-D8DF-4018-8FDA-2C19BE384F8D}.Release|Any CPU.ActiveCfg = Release|Any CPU
		{B3F8850F-D8DF-4018-8FDA-2C19BE384F8D}.Release|Any CPU.Build.0 = Release|Any CPU
		{43D033E2-58BE-4C70-AA36-4CEE20030F09}.Debug|Any CPU.ActiveCfg = Debug|Any CPU
		{43D033E2-58BE-4C70-AA36-4CEE20030F09}.Debug|Any CPU.Build.0 = Debug|Any CPU
		{43D033E2-58BE-4C70-AA36-4CEE20030F09}.Release|Any CPU.ActiveCfg = Release|Any CPU
		{43D033E2-58BE-4C70-AA36-4CEE20030F09}.Release|Any CPU.Build.0 = Release|Any CPU
		{F4ED467B-78D9-4DE7-B9C5-ACEAC009EF49}.Debug|Any CPU.ActiveCfg = Debug|Any CPU
		{F4ED467B-78D9-4DE7-B9C5-ACEAC009EF49}.Debug|Any CPU.Build.0 = Debug|Any CPU
		{F4ED467B-78D9-4DE7-B9C5-ACEAC009EF49}.Release|Any CPU.ActiveCfg = Release|Any CPU
		{F4ED467B-78D9-4DE7-B9C5-ACEAC009EF49}.Release|Any CPU.Build.0 = Release|Any CPU
		{13AE8224-7026-4405-947A-7FE8D3030224}.Debug|Any CPU.ActiveCfg = Debug|Any CPU
		{13AE8224-7026-4405-947A-7FE8D3030224}.Debug|Any CPU.Build.0 = Debug|Any CPU
		{13AE8224-7026-4405-947A-7FE8D3030224}.Release|Any CPU.ActiveCfg = Release|Any CPU
		{13AE8224-7026-4405-947A-7FE8D3030224}.Release|Any CPU.Build.0 = Release|Any CPU
		{7554E692-EF30-4951-A75B-273B8369A156}.Debug|Any CPU.ActiveCfg = Debug|Any CPU
		{7554E692-EF30-4951-A75B-273B8369A156}.Debug|Any CPU.Build.0 = Debug|Any CPU
		{7554E692-EF30-4951-A75B-273B8369A156}.Release|Any CPU.ActiveCfg = Release|Any CPU
		{7554E692-EF30-4951-A75B-273B8369A156}.Release|Any CPU.Build.0 = Release|Any CPU
	EndGlobalSection
	GlobalSection(SolutionProperties) = preSolution
		HideSolutionNode = FALSE
	EndGlobalSection
	GlobalSection(ExtensibilityGlobals) = postSolution
		SolutionGuid = {8A75DAAE-90A4-4AA1-BB43-4227C89E8C18}
	EndGlobalSection
EndGlobal
